
Microsoft Visual Studio Solution File, Format Version 12.00
# Visual Studio Version 16
VisualStudioVersion = 16.0.33027.164
MinimumVisualStudioVersion = 10.0.40219.1
Project("{FAE04EC0-301F-11D3-BF4B-00C04F79EFBC}") = "Proverka C_Sharp", "Proverka C_Sharp\Proverka C_Sharp.csproj", "{AC447BB2-66A9-403E-9D9F-245FF2F587AB}"
EndProject
Global
	GlobalSection(SolutionConfigurationPlatforms) = preSolution
		Debug|Any CPU = Debug|Any CPU
		Release|Any CPU = Release|Any CPU
	EndGlobalSection
	GlobalSection(ProjectConfigurationPlatforms) = postSolution
		{AC447BB2-66A9-403E-9D9F-245FF2F587AB}.Debug|Any CPU.ActiveCfg = Debug|Any CPU
		{AC447BB2-66A9-403E-9D9F-245FF2F587AB}.Debug|Any CPU.Build.0 = Debug|Any CPU
		{AC447BB2-66A9-403E-9D9F-245FF2F587AB}.Release|Any CPU.ActiveCfg = Release|Any CPU
		{AC447BB2-66A9-403E-9D9F-245FF2F587AB}.Release|Any CPU.Build.0 = Release|Any CPU
	EndGlobalSection
	GlobalSection(SolutionProperties) = preSolution
		HideSolutionNode = FALSE
	EndGlobalSection
	GlobalSection(ExtensibilityGlobals) = postSolution
		SolutionGuid = {259C78DD-8162-4509-92DA-E08D7FCDE1C5}
	EndGlobalSection
EndGlobal
